
Microsoft Visual Studio Solution File, Format Version 12.00
# Visual Studio Version 17
VisualStudioVersion = 17.3.32811.315
MinimumVisualStudioVersion = 10.0.40219.1
Project("{9A19103F-16F7-4668-BE54-9A1E7A4F7556}") = "Library.Domain", "Dvd.Domain\Library.Domain.csproj", "{5FA30368-BB59-46B1-9C5A-0CF372AE97DC}"
EndProject
Project("{2150E333-8FDC-42A3-9474-1A3956D46DE8}") = "Core", "Core", "{4B4DB92F-3BE0-46A9-8D0B-83C86D886497}"
EndProject
Project("{2150E333-8FDC-42A3-9474-1A3956D46DE8}") = "Infrastrastructure", "Infrastrastructure", "{387C8283-FFDD-45F1-A18F-43F1CEB9E548}"
EndProject
Project("{9A19103F-16F7-4668-BE54-9A1E7A4F7556}") = "Library.Persistent", "Dvd.Persistent\Library.Persistent.csproj", "{6AACE2F8-F1E5-41AC-910A-C8968800ED3B}"
EndProject
Project("{9A19103F-16F7-4668-BE54-9A1E7A4F7556}") = "Library.Application", "Dvd.Application\Library.Application.csproj", "{9CFDF8C2-DEB3-4099-BAE9-BE06D312384F}"
EndProject
Project("{2150E333-8FDC-42A3-9474-1A3956D46DE8}") = "Presenter", "Presenter", "{6EA35131-AF49-4140-AED8-8AD24C2870B9}"
EndProject
Project("{9A19103F-16F7-4668-BE54-9A1E7A4F7556}") = "Library.Client", "Dvd.Client\Library.Client.csproj", "{DB9CC118-8909-415E-B4FC-D0946A1C8241}"
EndProject
Project("{54435603-DBB4-11D2-8724-00A0C9A8B90C}") = "Setup", "Setup\Setup.vdproj", "{9F19D9F6-6C30-4488-A9DF-52B5C7ACA017}"
EndProject
Global
	GlobalSection(SolutionConfigurationPlatforms) = preSolution
		Debug|Any CPU = Debug|Any CPU
		Release|Any CPU = Release|Any CPU
	EndGlobalSection
	GlobalSection(ProjectConfigurationPlatforms) = postSolution
		{5FA30368-BB59-46B1-9C5A-0CF372AE97DC}.Debug|Any CPU.ActiveCfg = Debug|Any CPU
		{5FA30368-BB59-46B1-9C5A-0CF372AE97DC}.Debug|Any CPU.Build.0 = Debug|Any CPU
		{5FA30368-BB59-46B1-9C5A-0CF372AE97DC}.Release|Any CPU.ActiveCfg = Release|Any CPU
		{5FA30368-BB59-46B1-9C5A-0CF372AE97DC}.Release|Any CPU.Build.0 = Release|Any CPU
		{6AACE2F8-F1E5-41AC-910A-C8968800ED3B}.Debug|Any CPU.ActiveCfg = Debug|Any CPU
		{6AACE2F8-F1E5-41AC-910A-C8968800ED3B}.Debug|Any CPU.Build.0 = Debug|Any CPU
		{6AACE2F8-F1E5-41AC-910A-C8968800ED3B}.Release|Any CPU.ActiveCfg = Release|Any CPU
		{6AACE2F8-F1E5-41AC-910A-C8968800ED3B}.Release|Any CPU.Build.0 = Release|Any CPU
		{9CFDF8C2-DEB3-4099-BAE9-BE06D312384F}.Debug|Any CPU.ActiveCfg = Debug|Any CPU
		{9CFDF8C2-DEB3-4099-BAE9-BE06D312384F}.Debug|Any CPU.Build.0 = Debug|Any CPU
		{9CFDF8C2-DEB3-4099-BAE9-BE06D312384F}.Release|Any CPU.ActiveCfg = Release|Any CPU
		{9CFDF8C2-DEB3-4099-BAE9-BE06D312384F}.Release|Any CPU.Build.0 = Release|Any CPU
		{DB9CC118-8909-415E-B4FC-D0946A1C8241}.Debug|Any CPU.ActiveCfg = Debug|Any CPU
		{DB9CC118-8909-415E-B4FC-D0946A1C8241}.Debug|Any CPU.Build.0 = Debug|Any CPU
		{DB9CC118-8909-415E-B4FC-D0946A1C8241}.Release|Any CPU.ActiveCfg = Release|Any CPU
		{DB9CC118-8909-415E-B4FC-D0946A1C8241}.Release|Any CPU.Build.0 = Release|Any CPU
		{9F19D9F6-6C30-4488-A9DF-52B5C7ACA017}.Debug|Any CPU.ActiveCfg = Debug
		{9F19D9F6-6C30-4488-A9DF-52B5C7ACA017}.Release|Any CPU.ActiveCfg = Release
	EndGlobalSection
	GlobalSection(SolutionProperties) = preSolution
		HideSolutionNode = FALSE
	EndGlobalSection
	GlobalSection(NestedProjects) = preSolution
		{5FA30368-BB59-46B1-9C5A-0CF372AE97DC} = {4B4DB92F-3BE0-46A9-8D0B-83C86D886497}
		{6AACE2F8-F1E5-41AC-910A-C8968800ED3B} = {387C8283-FFDD-45F1-A18F-43F1CEB9E548}
		{9CFDF8C2-DEB3-4099-BAE9-BE06D312384F} = {4B4DB92F-3BE0-46A9-8D0B-83C86D886497}
		{DB9CC118-8909-415E-B4FC-D0946A1C8241} = {6EA35131-AF49-4140-AED8-8AD24C2870B9}
	EndGlobalSection
	GlobalSection(ExtensibilityGlobals) = postSolution
		SolutionGuid = {5098809A-E954-493C-9F55-3515190CBF22}
	EndGlobalSection
EndGlobal
